
Microsoft Visual Studio Solution File, Format Version 12.00
# Visual Studio Version 17
VisualStudioVersion = 17.13.35825.156
MinimumVisualStudioVersion = 10.0.40219.1
Project("{54A90642-561A-4BB1-A94E-469ADEE60C69}") = "chatapp.client", "chatapp.client\chatapp.client.esproj", "{6B040F51-C4B3-E41D-1E04-3D02E8BF025A}"
EndProject
Project("{FAE04EC0-301F-11D3-BF4B-00C04F79EFBC}") = "ChatApp.Server", "ChatApp.Server\ChatApp.Server.csproj", "{A40FADAE-C7EA-4837-AB6A-D87282CB1216}"
EndProject
Project("{E53339B2-1760-4266-BCC7-CA923CBCF16C}") = "docker-compose", "docker-compose.dcproj", "{81DDED9D-158B-E303-5F62-77A2896D2A5A}"
EndProject
Global
	GlobalSection(SolutionConfigurationPlatforms) = preSolution
		Debug|Any CPU = Debug|Any CPU
		Release|Any CPU = Release|Any CPU
	EndGlobalSection
	GlobalSection(ProjectConfigurationPlatforms) = postSolution
		{6B040F51-C4B3-E41D-1E04-3D02E8BF025A}.Debug|Any CPU.ActiveCfg = Debug|Any CPU
		{6B040F51-C4B3-E41D-1E04-3D02E8BF025A}.Debug|Any CPU.Build.0 = Debug|Any CPU
		{6B040F51-C4B3-E41D-1E04-3D02E8BF025A}.Debug|Any CPU.Deploy.0 = Debug|Any CPU
		{6B040F51-C4B3-E41D-1E04-3D02E8BF025A}.Release|Any CPU.ActiveCfg = Release|Any CPU
		{6B040F51-C4B3-E41D-1E04-3D02E8BF025A}.Release|Any CPU.Build.0 = Release|Any CPU
		{6B040F51-C4B3-E41D-1E04-3D02E8BF025A}.Release|Any CPU.Deploy.0 = Release|Any CPU
		{A40FADAE-C7EA-4837-AB6A-D87282CB1216}.Debug|Any CPU.ActiveCfg = Debug|Any CPU
		{A40FADAE-C7EA-4837-AB6A-D87282CB1216}.Debug|Any CPU.Build.0 = Debug|Any CPU
		{A40FADAE-C7EA-4837-AB6A-D87282CB1216}.Release|Any CPU.ActiveCfg = Release|Any CPU
		{A40FADAE-C7EA-4837-AB6A-D87282CB1216}.Release|Any CPU.Build.0 = Release|Any CPU
		{81DDED9D-158B-E303-5F62-77A2896D2A5A}.Debug|Any CPU.ActiveCfg = Debug|Any CPU
		{81DDED9D-158B-E303-5F62-77A2896D2A5A}.Debug|Any CPU.Build.0 = Debug|Any CPU
		{81DDED9D-158B-E303-5F62-77A2896D2A5A}.Release|Any CPU.ActiveCfg = Release|Any CPU
		{81DDED9D-158B-E303-5F62-77A2896D2A5A}.Release|Any CPU.Build.0 = Release|Any CPU
	EndGlobalSection
	GlobalSection(SolutionProperties) = preSolution
		HideSolutionNode = FALSE
	EndGlobalSection
	GlobalSection(ExtensibilityGlobals) = postSolution
		SolutionGuid = {EEC611AD-7D2D-47BF-893A-22463B7C1E58}
	EndGlobalSection
EndGlobal
